
Microsoft Visual Studio Solution File, Format Version 12.00
# Visual Studio Version 17
VisualStudioVersion = 17.0.31903.59
MinimumVisualStudioVersion = 10.0.40219.1
Project("{2150E333-8FDC-42A3-9474-1A3956D46DE8}") = "src", "src", "{9EB3746B-039C-40EE-ABD6-0CA588C2742D}"
EndProject
Project("{2150E333-8FDC-42A3-9474-1A3956D46DE8}") = "tests", "tests", "{A25F5F4B-1DA0-4575-BDCD-826FF82CD1E1}"
EndProject
Project("{2150E333-8FDC-42A3-9474-1A3956D46DE8}") = "Bootstrapper", "Bootstrapper", "{64694C6B-01B1-4E95-ABDD-B34192D5C051}"
EndProject
Project("{2150E333-8FDC-42A3-9474-1A3956D46DE8}") = "Modules", "Modules", "{9187DDDD-D52E-4A42-9AE2-A2AEFF2E0612}"
EndProject
Project("{2150E333-8FDC-42A3-9474-1A3956D46DE8}") = "Shared", "Shared", "{0AD32370-E1BF-4039-918C-FD9F8BA2F463}"
EndProject
Project("{FAE04EC0-301F-11D3-BF4B-00C04F79EFBC}") = "Susurri.Bootstrapper", "src\Bootstrapper\Susurri.Bootstrapper\Susurri.Bootstrapper.csproj", "{A35756F5-0958-477A-A36D-1A147F7E588D}"
EndProject
Project("{FAE04EC0-301F-11D3-BF4B-00C04F79EFBC}") = "Susurri.Shared.Abstractions", "src\Shared\Susurri.Shared.Abstractions\Susurri.Shared.Abstractions.csproj", "{36CAB24C-F36E-4EC0-B352-83C8D51673B6}"
EndProject
Project("{FAE04EC0-301F-11D3-BF4B-00C04F79EFBC}") = "Susurri.Shared.Infrastructure", "src\Shared\Susurri.Shared.Infrastructure\Susurri.Shared.Infrastructure.csproj", "{916861D5-527E-42CF-80D0-B2D56FB66024}"
EndProject
Global
	GlobalSection(SolutionConfigurationPlatforms) = preSolution
		Debug|Any CPU = Debug|Any CPU
		Release|Any CPU = Release|Any CPU
	EndGlobalSection
	GlobalSection(SolutionProperties) = preSolution
		HideSolutionNode = FALSE
	EndGlobalSection
	GlobalSection(NestedProjects) = preSolution
		{64694C6B-01B1-4E95-ABDD-B34192D5C051} = {9EB3746B-039C-40EE-ABD6-0CA588C2742D}
		{9187DDDD-D52E-4A42-9AE2-A2AEFF2E0612} = {9EB3746B-039C-40EE-ABD6-0CA588C2742D}
		{0AD32370-E1BF-4039-918C-FD9F8BA2F463} = {9EB3746B-039C-40EE-ABD6-0CA588C2742D}
		{A35756F5-0958-477A-A36D-1A147F7E588D} = {64694C6B-01B1-4E95-ABDD-B34192D5C051}
		{36CAB24C-F36E-4EC0-B352-83C8D51673B6} = {0AD32370-E1BF-4039-918C-FD9F8BA2F463}
		{916861D5-527E-42CF-80D0-B2D56FB66024} = {0AD32370-E1BF-4039-918C-FD9F8BA2F463}
	EndGlobalSection
	GlobalSection(ProjectConfigurationPlatforms) = postSolution
		{A35756F5-0958-477A-A36D-1A147F7E588D}.Debug|Any CPU.ActiveCfg = Debug|Any CPU
		{A35756F5-0958-477A-A36D-1A147F7E588D}.Debug|Any CPU.Build.0 = Debug|Any CPU
		{A35756F5-0958-477A-A36D-1A147F7E588D}.Release|Any CPU.ActiveCfg = Release|Any CPU
		{A35756F5-0958-477A-A36D-1A147F7E588D}.Release|Any CPU.Build.0 = Release|Any CPU
		{36CAB24C-F36E-4EC0-B352-83C8D51673B6}.Debug|Any CPU.ActiveCfg = Debug|Any CPU
		{36CAB24C-F36E-4EC0-B352-83C8D51673B6}.Debug|Any CPU.Build.0 = Debug|Any CPU
		{36CAB24C-F36E-4EC0-B352-83C8D51673B6}.Release|Any CPU.ActiveCfg = Release|Any CPU
		{36CAB24C-F36E-4EC0-B352-83C8D51673B6}.Release|Any CPU.Build.0 = Release|Any CPU
		{916861D5-527E-42CF-80D0-B2D56FB66024}.Debug|Any CPU.ActiveCfg = Debug|Any CPU
		{916861D5-527E-42CF-80D0-B2D56FB66024}.Debug|Any CPU.Build.0 = Debug|Any CPU
		{916861D5-527E-42CF-80D0-B2D56FB66024}.Release|Any CPU.ActiveCfg = Release|Any CPU
		{916861D5-527E-42CF-80D0-B2D56FB66024}.Release|Any CPU.Build.0 = Release|Any CPU
	EndGlobalSection
EndGlobal
