
Microsoft Visual Studio Solution File, Format Version 12.00
# Visual Studio Version 17
VisualStudioVersion = 17.0.31903.59
MinimumVisualStudioVersion = 10.0.40219.1
Project("{2150E333-8FDC-42A3-9474-1A3956D46DE8}") = "src", "src", "{9EB3746B-039C-40EE-ABD6-0CA588C2742D}"
EndProject
Project("{2150E333-8FDC-42A3-9474-1A3956D46DE8}") = "Bootstrapper", "Bootstrapper", "{64694C6B-01B1-4E95-ABDD-B34192D5C051}"
EndProject
Project("{2150E333-8FDC-42A3-9474-1A3956D46DE8}") = "Modules", "Modules", "{9187DDDD-D52E-4A42-9AE2-A2AEFF2E0612}"
EndProject
Project("{2150E333-8FDC-42A3-9474-1A3956D46DE8}") = "Shared", "Shared", "{0AD32370-E1BF-4039-918C-FD9F8BA2F463}"
EndProject
Project("{FAE04EC0-301F-11D3-BF4B-00C04F79EFBC}") = "Susurri.Bootstrapper", "src\Bootstrapper\Susurri.Bootstrapper\Susurri.Bootstrapper.csproj", "{A35756F5-0958-477A-A36D-1A147F7E588D}"
EndProject
Project("{FAE04EC0-301F-11D3-BF4B-00C04F79EFBC}") = "Susurri.Shared.Abstractions", "src\Shared\Susurri.Shared.Abstractions\Susurri.Shared.Abstractions.csproj", "{36CAB24C-F36E-4EC0-B352-83C8D51673B6}"
EndProject
Project("{FAE04EC0-301F-11D3-BF4B-00C04F79EFBC}") = "Susurri.Shared.Infrastructure", "src\Shared\Susurri.Shared.Infrastructure\Susurri.Shared.Infrastructure.csproj", "{916861D5-527E-42CF-80D0-B2D56FB66024}"
EndProject
Project("{2150E333-8FDC-42A3-9474-1A3956D46DE8}") = "Users", "Users", "{C3E048FD-EE57-40B5-8E7A-6B77F733308F}"
EndProject
Project("{FAE04EC0-301F-11D3-BF4B-00C04F79EFBC}") = "Susurri.Modules.Users.Application", "src\Modules\Users\Susurri.Modules.Users.Application\Susurri.Modules.Users.Application.csproj", "{CB08FC9E-246B-46FC-B6F8-9298F0F4440E}"
EndProject
Project("{FAE04EC0-301F-11D3-BF4B-00C04F79EFBC}") = "Susurri.Modules.Users.Core", "src\Modules\Users\Susurri.Modules.Users.Core\Susurri.Modules.Users.Core.csproj", "{7A27E878-BE0F-415C-84DF-1E5774186691}"
EndProject
Project("{2150E333-8FDC-42A3-9474-1A3956D46DE8}") = "IAM", "IAM", "{D75A3813-B95B-49D0-9A45-90D3B566ED19}"
EndProject
Project("{FAE04EC0-301F-11D3-BF4B-00C04F79EFBC}") = "Susurri.Modules.IAM.Application", "src\Modules\IAM\Susurri.Modules.IAM.Application\Susurri.Modules.IAM.Application.csproj", "{6013CCAA-824B-462D-9B08-469865783241}"
EndProject
Project("{FAE04EC0-301F-11D3-BF4B-00C04F79EFBC}") = "Susurri.Modules.IAM.Core", "src\Modules\IAM\Susurri.Modules.IAM.Core\Susurri.Modules.IAM.Core.csproj", "{65BCA912-5256-48C7-AF83-6E30E98D0E12}"
EndProject
Project("{2150E333-8FDC-42A3-9474-1A3956D46DE8}") = "DHT", "DHT", "{2B2BE7FC-3A76-4DB5-8D8A-247C85F2EF88}"
EndProject
Project("{FAE04EC0-301F-11D3-BF4B-00C04F79EFBC}") = "Susurri.Modules.DHT.Application", "src\Modules\DHT\Susurri.Modules.DHT.Application\Susurri.Modules.DHT.Application.csproj", "{3CA671DD-670A-4475-9BF7-5CE681E068E9}"
EndProject
Project("{FAE04EC0-301F-11D3-BF4B-00C04F79EFBC}") = "Susurri.Modules.DHT.Core", "src\Modules\DHT\Susurri.Modules.DHT.Core\Susurri.Modules.DHT.Core.csproj", "{6799B138-A64E-4E41-97CE-1AC7B5F4FCF8}"
EndProject
Project("{FAE04EC0-301F-11D3-BF4B-00C04F79EFBC}") = "Susurri.Tests.Unit", "tests\Susurri.Tests.Unit\Susurri.Tests.Unit.csproj", "{C2313845-2AB4-4689-9D7D-297DAF3EE4AA}"
EndProject
Project("{FAE04EC0-301F-11D3-BF4B-00C04F79EFBC}") = "Susurri.GUI", "src\Bootstrapper\Susurri.GUI\Susurri.GUI.csproj", "{DF3DC494-C9D7-4E97-A36C-6C5ED1ADDCF7}"
EndProject
Global
	GlobalSection(SolutionConfigurationPlatforms) = preSolution
		Debug|Any CPU = Debug|Any CPU
		Debug|x64 = Debug|x64
		Debug|x86 = Debug|x86
		Release|Any CPU = Release|Any CPU
		Release|x64 = Release|x64
		Release|x86 = Release|x86
	EndGlobalSection
	GlobalSection(ProjectConfigurationPlatforms) = postSolution
		{A35756F5-0958-477A-A36D-1A147F7E588D}.Debug|Any CPU.ActiveCfg = Debug|Any CPU
		{A35756F5-0958-477A-A36D-1A147F7E588D}.Debug|Any CPU.Build.0 = Debug|Any CPU
		{A35756F5-0958-477A-A36D-1A147F7E588D}.Debug|x64.ActiveCfg = Debug|Any CPU
		{A35756F5-0958-477A-A36D-1A147F7E588D}.Debug|x64.Build.0 = Debug|Any CPU
		{A35756F5-0958-477A-A36D-1A147F7E588D}.Debug|x86.ActiveCfg = Debug|Any CPU
		{A35756F5-0958-477A-A36D-1A147F7E588D}.Debug|x86.Build.0 = Debug|Any CPU
		{A35756F5-0958-477A-A36D-1A147F7E588D}.Release|Any CPU.ActiveCfg = Release|Any CPU
		{A35756F5-0958-477A-A36D-1A147F7E588D}.Release|Any CPU.Build.0 = Release|Any CPU
		{A35756F5-0958-477A-A36D-1A147F7E588D}.Release|x64.ActiveCfg = Release|Any CPU
		{A35756F5-0958-477A-A36D-1A147F7E588D}.Release|x64.Build.0 = Release|Any CPU
		{A35756F5-0958-477A-A36D-1A147F7E588D}.Release|x86.ActiveCfg = Release|Any CPU
		{A35756F5-0958-477A-A36D-1A147F7E588D}.Release|x86.Build.0 = Release|Any CPU
		{36CAB24C-F36E-4EC0-B352-83C8D51673B6}.Debug|Any CPU.ActiveCfg = Debug|Any CPU
		{36CAB24C-F36E-4EC0-B352-83C8D51673B6}.Debug|Any CPU.Build.0 = Debug|Any CPU
		{36CAB24C-F36E-4EC0-B352-83C8D51673B6}.Debug|x64.ActiveCfg = Debug|Any CPU
		{36CAB24C-F36E-4EC0-B352-83C8D51673B6}.Debug|x64.Build.0 = Debug|Any CPU
		{36CAB24C-F36E-4EC0-B352-83C8D51673B6}.Debug|x86.ActiveCfg = Debug|Any CPU
		{36CAB24C-F36E-4EC0-B352-83C8D51673B6}.Debug|x86.Build.0 = Debug|Any CPU
		{36CAB24C-F36E-4EC0-B352-83C8D51673B6}.Release|Any CPU.ActiveCfg = Release|Any CPU
		{36CAB24C-F36E-4EC0-B352-83C8D51673B6}.Release|Any CPU.Build.0 = Release|Any CPU
		{36CAB24C-F36E-4EC0-B352-83C8D51673B6}.Release|x64.ActiveCfg = Release|Any CPU
		{36CAB24C-F36E-4EC0-B352-83C8D51673B6}.Release|x64.Build.0 = Release|Any CPU
		{36CAB24C-F36E-4EC0-B352-83C8D51673B6}.Release|x86.ActiveCfg = Release|Any CPU
		{36CAB24C-F36E-4EC0-B352-83C8D51673B6}.Release|x86.Build.0 = Release|Any CPU
		{916861D5-527E-42CF-80D0-B2D56FB66024}.Debug|Any CPU.ActiveCfg = Debug|Any CPU
		{916861D5-527E-42CF-80D0-B2D56FB66024}.Debug|Any CPU.Build.0 = Debug|Any CPU
		{916861D5-527E-42CF-80D0-B2D56FB66024}.Debug|x64.ActiveCfg = Debug|Any CPU
		{916861D5-527E-42CF-80D0-B2D56FB66024}.Debug|x64.Build.0 = Debug|Any CPU
		{916861D5-527E-42CF-80D0-B2D56FB66024}.Debug|x86.ActiveCfg = Debug|Any CPU
		{916861D5-527E-42CF-80D0-B2D56FB66024}.Debug|x86.Build.0 = Debug|Any CPU
		{916861D5-527E-42CF-80D0-B2D56FB66024}.Release|Any CPU.ActiveCfg = Release|Any CPU
		{916861D5-527E-42CF-80D0-B2D56FB66024}.Release|Any CPU.Build.0 = Release|Any CPU
		{916861D5-527E-42CF-80D0-B2D56FB66024}.Release|x64.ActiveCfg = Release|Any CPU
		{916861D5-527E-42CF-80D0-B2D56FB66024}.Release|x64.Build.0 = Release|Any CPU
		{916861D5-527E-42CF-80D0-B2D56FB66024}.Release|x86.ActiveCfg = Release|Any CPU
		{916861D5-527E-42CF-80D0-B2D56FB66024}.Release|x86.Build.0 = Release|Any CPU
		{CB08FC9E-246B-46FC-B6F8-9298F0F4440E}.Debug|Any CPU.ActiveCfg = Debug|Any CPU
		{CB08FC9E-246B-46FC-B6F8-9298F0F4440E}.Debug|Any CPU.Build.0 = Debug|Any CPU
		{CB08FC9E-246B-46FC-B6F8-9298F0F4440E}.Debug|x64.ActiveCfg = Debug|Any CPU
		{CB08FC9E-246B-46FC-B6F8-9298F0F4440E}.Debug|x64.Build.0 = Debug|Any CPU
		{CB08FC9E-246B-46FC-B6F8-9298F0F4440E}.Debug|x86.ActiveCfg = Debug|Any CPU
		{CB08FC9E-246B-46FC-B6F8-9298F0F4440E}.Debug|x86.Build.0 = Debug|Any CPU
		{CB08FC9E-246B-46FC-B6F8-9298F0F4440E}.Release|Any CPU.ActiveCfg = Release|Any CPU
		{CB08FC9E-246B-46FC-B6F8-9298F0F4440E}.Release|Any CPU.Build.0 = Release|Any CPU
		{CB08FC9E-246B-46FC-B6F8-9298F0F4440E}.Release|x64.ActiveCfg = Release|Any CPU
		{CB08FC9E-246B-46FC-B6F8-9298F0F4440E}.Release|x64.Build.0 = Release|Any CPU
		{CB08FC9E-246B-46FC-B6F8-9298F0F4440E}.Release|x86.ActiveCfg = Release|Any CPU
		{CB08FC9E-246B-46FC-B6F8-9298F0F4440E}.Release|x86.Build.0 = Release|Any CPU
		{7A27E878-BE0F-415C-84DF-1E5774186691}.Debug|Any CPU.ActiveCfg = Debug|Any CPU
		{7A27E878-BE0F-415C-84DF-1E5774186691}.Debug|Any CPU.Build.0 = Debug|Any CPU
		{7A27E878-BE0F-415C-84DF-1E5774186691}.Debug|x64.ActiveCfg = Debug|Any CPU
		{7A27E878-BE0F-415C-84DF-1E5774186691}.Debug|x64.Build.0 = Debug|Any CPU
		{7A27E878-BE0F-415C-84DF-1E5774186691}.Debug|x86.ActiveCfg = Debug|Any CPU
		{7A27E878-BE0F-415C-84DF-1E5774186691}.Debug|x86.Build.0 = Debug|Any CPU
		{7A27E878-BE0F-415C-84DF-1E5774186691}.Release|Any CPU.ActiveCfg = Release|Any CPU
		{7A27E878-BE0F-415C-84DF-1E5774186691}.Release|Any CPU.Build.0 = Release|Any CPU
		{7A27E878-BE0F-415C-84DF-1E5774186691}.Release|x64.ActiveCfg = Release|Any CPU
		{7A27E878-BE0F-415C-84DF-1E5774186691}.Release|x64.Build.0 = Release|Any CPU
		{7A27E878-BE0F-415C-84DF-1E5774186691}.Release|x86.ActiveCfg = Release|Any CPU
		{7A27E878-BE0F-415C-84DF-1E5774186691}.Release|x86.Build.0 = Release|Any CPU
		{6013CCAA-824B-462D-9B08-469865783241}.Debug|Any CPU.ActiveCfg = Debug|Any CPU
		{6013CCAA-824B-462D-9B08-469865783241}.Debug|Any CPU.Build.0 = Debug|Any CPU
		{6013CCAA-824B-462D-9B08-469865783241}.Debug|x64.ActiveCfg = Debug|Any CPU
		{6013CCAA-824B-462D-9B08-469865783241}.Debug|x64.Build.0 = Debug|Any CPU
		{6013CCAA-824B-462D-9B08-469865783241}.Debug|x86.ActiveCfg = Debug|Any CPU
		{6013CCAA-824B-462D-9B08-469865783241}.Debug|x86.Build.0 = Debug|Any CPU
		{6013CCAA-824B-462D-9B08-469865783241}.Release|Any CPU.ActiveCfg = Release|Any CPU
		{6013CCAA-824B-462D-9B08-469865783241}.Release|Any CPU.Build.0 = Release|Any CPU
		{6013CCAA-824B-462D-9B08-469865783241}.Release|x64.ActiveCfg = Release|Any CPU
		{6013CCAA-824B-462D-9B08-469865783241}.Release|x64.Build.0 = Release|Any CPU
		{6013CCAA-824B-462D-9B08-469865783241}.Release|x86.ActiveCfg = Release|Any CPU
		{6013CCAA-824B-462D-9B08-469865783241}.Release|x86.Build.0 = Release|Any CPU
		{65BCA912-5256-48C7-AF83-6E30E98D0E12}.Debug|Any CPU.ActiveCfg = Debug|Any CPU
		{65BCA912-5256-48C7-AF83-6E30E98D0E12}.Debug|Any CPU.Build.0 = Debug|Any CPU
		{65BCA912-5256-48C7-AF83-6E30E98D0E12}.Debug|x64.ActiveCfg = Debug|Any CPU
		{65BCA912-5256-48C7-AF83-6E30E98D0E12}.Debug|x64.Build.0 = Debug|Any CPU
		{65BCA912-5256-48C7-AF83-6E30E98D0E12}.Debug|x86.ActiveCfg = Debug|Any CPU
		{65BCA912-5256-48C7-AF83-6E30E98D0E12}.Debug|x86.Build.0 = Debug|Any CPU
		{65BCA912-5256-48C7-AF83-6E30E98D0E12}.Release|Any CPU.ActiveCfg = Release|Any CPU
		{65BCA912-5256-48C7-AF83-6E30E98D0E12}.Release|Any CPU.Build.0 = Release|Any CPU
		{65BCA912-5256-48C7-AF83-6E30E98D0E12}.Release|x64.ActiveCfg = Release|Any CPU
		{65BCA912-5256-48C7-AF83-6E30E98D0E12}.Release|x64.Build.0 = Release|Any CPU
		{65BCA912-5256-48C7-AF83-6E30E98D0E12}.Release|x86.ActiveCfg = Release|Any CPU
		{65BCA912-5256-48C7-AF83-6E30E98D0E12}.Release|x86.Build.0 = Release|Any CPU
		{3CA671DD-670A-4475-9BF7-5CE681E068E9}.Debug|Any CPU.ActiveCfg = Debug|Any CPU
		{3CA671DD-670A-4475-9BF7-5CE681E068E9}.Debug|Any CPU.Build.0 = Debug|Any CPU
		{3CA671DD-670A-4475-9BF7-5CE681E068E9}.Debug|x64.ActiveCfg = Debug|Any CPU
		{3CA671DD-670A-4475-9BF7-5CE681E068E9}.Debug|x64.Build.0 = Debug|Any CPU
		{3CA671DD-670A-4475-9BF7-5CE681E068E9}.Debug|x86.ActiveCfg = Debug|Any CPU
		{3CA671DD-670A-4475-9BF7-5CE681E068E9}.Debug|x86.Build.0 = Debug|Any CPU
		{3CA671DD-670A-4475-9BF7-5CE681E068E9}.Release|Any CPU.ActiveCfg = Release|Any CPU
		{3CA671DD-670A-4475-9BF7-5CE681E068E9}.Release|Any CPU.Build.0 = Release|Any CPU
		{3CA671DD-670A-4475-9BF7-5CE681E068E9}.Release|x64.ActiveCfg = Release|Any CPU
		{3CA671DD-670A-4475-9BF7-5CE681E068E9}.Release|x64.Build.0 = Release|Any CPU
		{3CA671DD-670A-4475-9BF7-5CE681E068E9}.Release|x86.ActiveCfg = Release|Any CPU
		{3CA671DD-670A-4475-9BF7-5CE681E068E9}.Release|x86.Build.0 = Release|Any CPU
		{6799B138-A64E-4E41-97CE-1AC7B5F4FCF8}.Debug|Any CPU.ActiveCfg = Debug|Any CPU
		{6799B138-A64E-4E41-97CE-1AC7B5F4FCF8}.Debug|Any CPU.Build.0 = Debug|Any CPU
		{6799B138-A64E-4E41-97CE-1AC7B5F4FCF8}.Debug|x64.ActiveCfg = Debug|Any CPU
		{6799B138-A64E-4E41-97CE-1AC7B5F4FCF8}.Debug|x64.Build.0 = Debug|Any CPU
		{6799B138-A64E-4E41-97CE-1AC7B5F4FCF8}.Debug|x86.ActiveCfg = Debug|Any CPU
		{6799B138-A64E-4E41-97CE-1AC7B5F4FCF8}.Debug|x86.Build.0 = Debug|Any CPU
		{6799B138-A64E-4E41-97CE-1AC7B5F4FCF8}.Release|Any CPU.ActiveCfg = Release|Any CPU
		{6799B138-A64E-4E41-97CE-1AC7B5F4FCF8}.Release|Any CPU.Build.0 = Release|Any CPU
		{6799B138-A64E-4E41-97CE-1AC7B5F4FCF8}.Release|x64.ActiveCfg = Release|Any CPU
		{6799B138-A64E-4E41-97CE-1AC7B5F4FCF8}.Release|x64.Build.0 = Release|Any CPU
		{6799B138-A64E-4E41-97CE-1AC7B5F4FCF8}.Release|x86.ActiveCfg = Release|Any CPU
		{6799B138-A64E-4E41-97CE-1AC7B5F4FCF8}.Release|x86.Build.0 = Release|Any CPU
		{C2313845-2AB4-4689-9D7D-297DAF3EE4AA}.Debug|Any CPU.ActiveCfg = Debug|Any CPU
		{C2313845-2AB4-4689-9D7D-297DAF3EE4AA}.Debug|Any CPU.Build.0 = Debug|Any CPU
		{C2313845-2AB4-4689-9D7D-297DAF3EE4AA}.Debug|x64.ActiveCfg = Debug|Any CPU
		{C2313845-2AB4-4689-9D7D-297DAF3EE4AA}.Debug|x64.Build.0 = Debug|Any CPU
		{C2313845-2AB4-4689-9D7D-297DAF3EE4AA}.Debug|x86.ActiveCfg = Debug|Any CPU
		{C2313845-2AB4-4689-9D7D-297DAF3EE4AA}.Debug|x86.Build.0 = Debug|Any CPU
		{C2313845-2AB4-4689-9D7D-297DAF3EE4AA}.Release|Any CPU.ActiveCfg = Release|Any CPU
		{C2313845-2AB4-4689-9D7D-297DAF3EE4AA}.Release|Any CPU.Build.0 = Release|Any CPU
		{C2313845-2AB4-4689-9D7D-297DAF3EE4AA}.Release|x64.ActiveCfg = Release|Any CPU
		{C2313845-2AB4-4689-9D7D-297DAF3EE4AA}.Release|x64.Build.0 = Release|Any CPU
		{C2313845-2AB4-4689-9D7D-297DAF3EE4AA}.Release|x86.ActiveCfg = Release|Any CPU
		{C2313845-2AB4-4689-9D7D-297DAF3EE4AA}.Release|x86.Build.0 = Release|Any CPU
		{DF3DC494-C9D7-4E97-A36C-6C5ED1ADDCF7}.Debug|Any CPU.ActiveCfg = Debug|Any CPU
		{DF3DC494-C9D7-4E97-A36C-6C5ED1ADDCF7}.Debug|Any CPU.Build.0 = Debug|Any CPU
		{DF3DC494-C9D7-4E97-A36C-6C5ED1ADDCF7}.Debug|x64.ActiveCfg = Debug|Any CPU
		{DF3DC494-C9D7-4E97-A36C-6C5ED1ADDCF7}.Debug|x64.Build.0 = Debug|Any CPU
		{DF3DC494-C9D7-4E97-A36C-6C5ED1ADDCF7}.Debug|x86.ActiveCfg = Debug|Any CPU
		{DF3DC494-C9D7-4E97-A36C-6C5ED1ADDCF7}.Debug|x86.Build.0 = Debug|Any CPU
		{DF3DC494-C9D7-4E97-A36C-6C5ED1ADDCF7}.Release|Any CPU.ActiveCfg = Release|Any CPU
		{DF3DC494-C9D7-4E97-A36C-6C5ED1ADDCF7}.Release|Any CPU.Build.0 = Release|Any CPU
		{DF3DC494-C9D7-4E97-A36C-6C5ED1ADDCF7}.Release|x64.ActiveCfg = Release|Any CPU
		{DF3DC494-C9D7-4E97-A36C-6C5ED1ADDCF7}.Release|x64.Build.0 = Release|Any CPU
		{DF3DC494-C9D7-4E97-A36C-6C5ED1ADDCF7}.Release|x86.ActiveCfg = Release|Any CPU
		{DF3DC494-C9D7-4E97-A36C-6C5ED1ADDCF7}.Release|x86.Build.0 = Release|Any CPU
	EndGlobalSection
	GlobalSection(SolutionProperties) = preSolution
		HideSolutionNode = FALSE
	EndGlobalSection
	GlobalSection(NestedProjects) = preSolution
		{64694C6B-01B1-4E95-ABDD-B34192D5C051} = {9EB3746B-039C-40EE-ABD6-0CA588C2742D}
		{9187DDDD-D52E-4A42-9AE2-A2AEFF2E0612} = {9EB3746B-039C-40EE-ABD6-0CA588C2742D}
		{0AD32370-E1BF-4039-918C-FD9F8BA2F463} = {9EB3746B-039C-40EE-ABD6-0CA588C2742D}
		{A35756F5-0958-477A-A36D-1A147F7E588D} = {64694C6B-01B1-4E95-ABDD-B34192D5C051}
		{36CAB24C-F36E-4EC0-B352-83C8D51673B6} = {0AD32370-E1BF-4039-918C-FD9F8BA2F463}
		{916861D5-527E-42CF-80D0-B2D56FB66024} = {0AD32370-E1BF-4039-918C-FD9F8BA2F463}
		{C3E048FD-EE57-40B5-8E7A-6B77F733308F} = {9187DDDD-D52E-4A42-9AE2-A2AEFF2E0612}
		{CB08FC9E-246B-46FC-B6F8-9298F0F4440E} = {C3E048FD-EE57-40B5-8E7A-6B77F733308F}
		{7A27E878-BE0F-415C-84DF-1E5774186691} = {C3E048FD-EE57-40B5-8E7A-6B77F733308F}
		{D75A3813-B95B-49D0-9A45-90D3B566ED19} = {9187DDDD-D52E-4A42-9AE2-A2AEFF2E0612}
		{6013CCAA-824B-462D-9B08-469865783241} = {D75A3813-B95B-49D0-9A45-90D3B566ED19}
		{65BCA912-5256-48C7-AF83-6E30E98D0E12} = {D75A3813-B95B-49D0-9A45-90D3B566ED19}
		{2B2BE7FC-3A76-4DB5-8D8A-247C85F2EF88} = {9187DDDD-D52E-4A42-9AE2-A2AEFF2E0612}
		{3CA671DD-670A-4475-9BF7-5CE681E068E9} = {2B2BE7FC-3A76-4DB5-8D8A-247C85F2EF88}
		{6799B138-A64E-4E41-97CE-1AC7B5F4FCF8} = {2B2BE7FC-3A76-4DB5-8D8A-247C85F2EF88}
		{DF3DC494-C9D7-4E97-A36C-6C5ED1ADDCF7} = {64694C6B-01B1-4E95-ABDD-B34192D5C051}
	EndGlobalSection
EndGlobal
